
Microsoft Visual Studio Solution File, Format Version 12.00
# Visual Studio Version 17
VisualStudioVersion = 17.12.35527.113
MinimumVisualStudioVersion = 10.0.40219.1
Project("{FAE04EC0-301F-11D3-BF4B-00C04F79EFBC}") = "GUI_QLKS", "GUI_QLKS\GUI_QLKS.csproj", "{AF64BAE1-854B-4966-AFCD-1442A8DA4E1E}"
EndProject
Project("{FAE04EC0-301F-11D3-BF4B-00C04F79EFBC}") = "DAL_QLKS", "DAL_QLKS\DAL_QLKS.csproj", "{0A88A4B9-6281-4C97-ACF0-4EA621A8A4CE}"
EndProject
Project("{FAE04EC0-301F-11D3-BF4B-00C04F79EFBC}") = "BLL_QLKS", "BLL_QLKS\BLL_QLKS.csproj", "{3D140A09-CCA8-4890-9C12-81A62620D1DE}"
EndProject
Project("{FAE04EC0-301F-11D3-BF4B-00C04F79EFBC}") = "DTO_QLKS", "DTO_QLKS\DTO_QLKS.csproj", "{58F4172B-31DD-4513-BD2B-33558EBC1724}"
EndProject
Project("{FAE04EC0-301F-11D3-BF4B-00C04F79EFBC}") = "UTIL_QLKS", "UTIL_QLKS\UTIL_QLKS.csproj", "{624BFA1B-3D88-48EB-B06B-1241440356C6}"
EndProject
Project("{FAE04EC0-301F-11D3-BF4B-00C04F79EFBC}") = "QLKS_AutoTest", "QLKS_AutoTest\QLKS_AutoTest.csproj", "{84400B03-B538-4C76-85DC-FCB034EC0875}"
EndProject
Project("{FAE04EC0-301F-11D3-BF4B-00C04F79EFBC}") = "TestProject1", "TestProject1\TestProject1.csproj", "{01E02CA6-4054-42A9-9450-4E894011A5D0}"
EndProject
Project("{FAE04EC0-301F-11D3-BF4B-00C04F79EFBC}") = "NgoGiaKiet", "NgoGiaKiet\NgoGiaKiet.csproj", "{59B9E750-D9CA-45B6-A5EB-90E1414F697E}"
EndProject
Project("{FAE04EC0-301F-11D3-BF4B-00C04F79EFBC}") = "NguyenThanhDanh", "NguyenThanhDanh\NguyenThanhDanh.csproj", "{34EFC1DB-4368-441C-95F7-E0C3A0A123D8}"
EndProject
Project("{FAE04EC0-301F-11D3-BF4B-00C04F79EFBC}") = "Test_QLKS", "Test_QLKS\Test_QLKS.csproj", "{D3961E35-210B-446C-8A82-CC04D368AC39}"
EndProject
Project("{FAE04EC0-301F-11D3-BF4B-00C04F79EFBC}") = "Voquandat", "testlogin\TestProject1\Voquandat.csproj", "{3539CE47-C2B8-493D-9B9B-11FA0A136A5D}"
EndProject
Global
	GlobalSection(SolutionConfigurationPlatforms) = preSolution
		Debug|Any CPU = Debug|Any CPU
		Release|Any CPU = Release|Any CPU
	EndGlobalSection
	GlobalSection(ProjectConfigurationPlatforms) = postSolution
		{AF64BAE1-854B-4966-AFCD-1442A8DA4E1E}.Debug|Any CPU.ActiveCfg = Debug|Any CPU
		{AF64BAE1-854B-4966-AFCD-1442A8DA4E1E}.Debug|Any CPU.Build.0 = Debug|Any CPU
		{AF64BAE1-854B-4966-AFCD-1442A8DA4E1E}.Release|Any CPU.ActiveCfg = Release|Any CPU
		{AF64BAE1-854B-4966-AFCD-1442A8DA4E1E}.Release|Any CPU.Build.0 = Release|Any CPU
		{0A88A4B9-6281-4C97-ACF0-4EA621A8A4CE}.Debug|Any CPU.ActiveCfg = Debug|Any CPU
		{0A88A4B9-6281-4C97-ACF0-4EA621A8A4CE}.Debug|Any CPU.Build.0 = Debug|Any CPU
		{0A88A4B9-6281-4C97-ACF0-4EA621A8A4CE}.Release|Any CPU.ActiveCfg = Release|Any CPU
		{0A88A4B9-6281-4C97-ACF0-4EA621A8A4CE}.Release|Any CPU.Build.0 = Release|Any CPU
		{3D140A09-CCA8-4890-9C12-81A62620D1DE}.Debug|Any CPU.ActiveCfg = Debug|Any CPU
		{3D140A09-CCA8-4890-9C12-81A62620D1DE}.Debug|Any CPU.Build.0 = Debug|Any CPU
		{3D140A09-CCA8-4890-9C12-81A62620D1DE}.Release|Any CPU.ActiveCfg = Release|Any CPU
		{3D140A09-CCA8-4890-9C12-81A62620D1DE}.Release|Any CPU.Build.0 = Release|Any CPU
		{58F4172B-31DD-4513-BD2B-33558EBC1724}.Debug|Any CPU.ActiveCfg = Debug|Any CPU
		{58F4172B-31DD-4513-BD2B-33558EBC1724}.Debug|Any CPU.Build.0 = Debug|Any CPU
		{58F4172B-31DD-4513-BD2B-33558EBC1724}.Release|Any CPU.ActiveCfg = Release|Any CPU
		{58F4172B-31DD-4513-BD2B-33558EBC1724}.Release|Any CPU.Build.0 = Release|Any CPU
		{624BFA1B-3D88-48EB-B06B-1241440356C6}.Debug|Any CPU.ActiveCfg = Debug|Any CPU
		{624BFA1B-3D88-48EB-B06B-1241440356C6}.Debug|Any CPU.Build.0 = Debug|Any CPU
		{624BFA1B-3D88-48EB-B06B-1241440356C6}.Release|Any CPU.ActiveCfg = Release|Any CPU
		{624BFA1B-3D88-48EB-B06B-1241440356C6}.Release|Any CPU.Build.0 = Release|Any CPU
		{84400B03-B538-4C76-85DC-FCB034EC0875}.Debug|Any CPU.ActiveCfg = Debug|Any CPU
		{84400B03-B538-4C76-85DC-FCB034EC0875}.Debug|Any CPU.Build.0 = Debug|Any CPU
		{84400B03-B538-4C76-85DC-FCB034EC0875}.Release|Any CPU.ActiveCfg = Release|Any CPU
		{84400B03-B538-4C76-85DC-FCB034EC0875}.Release|Any CPU.Build.0 = Release|Any CPU
		{01E02CA6-4054-42A9-9450-4E894011A5D0}.Debug|Any CPU.ActiveCfg = Debug|Any CPU
		{01E02CA6-4054-42A9-9450-4E894011A5D0}.Debug|Any CPU.Build.0 = Debug|Any CPU
		{01E02CA6-4054-42A9-9450-4E894011A5D0}.Release|Any CPU.ActiveCfg = Release|Any CPU
		{01E02CA6-4054-42A9-9450-4E894011A5D0}.Release|Any CPU.Build.0 = Release|Any CPU
		{59B9E750-D9CA-45B6-A5EB-90E1414F697E}.Debug|Any CPU.ActiveCfg = Debug|Any CPU
		{59B9E750-D9CA-45B6-A5EB-90E1414F697E}.Debug|Any CPU.Build.0 = Debug|Any CPU
		{59B9E750-D9CA-45B6-A5EB-90E1414F697E}.Release|Any CPU.ActiveCfg = Release|Any CPU
		{59B9E750-D9CA-45B6-A5EB-90E1414F697E}.Release|Any CPU.Build.0 = Release|Any CPU
		{34EFC1DB-4368-441C-95F7-E0C3A0A123D8}.Debug|Any CPU.ActiveCfg = Debug|Any CPU
		{34EFC1DB-4368-441C-95F7-E0C3A0A123D8}.Debug|Any CPU.Build.0 = Debug|Any CPU
		{34EFC1DB-4368-441C-95F7-E0C3A0A123D8}.Release|Any CPU.ActiveCfg = Release|Any CPU
		{34EFC1DB-4368-441C-95F7-E0C3A0A123D8}.Release|Any CPU.Build.0 = Release|Any CPU
		{D3961E35-210B-446C-8A82-CC04D368AC39}.Debug|Any CPU.ActiveCfg = Debug|Any CPU
		{D3961E35-210B-446C-8A82-CC04D368AC39}.Debug|Any CPU.Build.0 = Debug|Any CPU
		{D3961E35-210B-446C-8A82-CC04D368AC39}.Release|Any CPU.ActiveCfg = Release|Any CPU
		{D3961E35-210B-446C-8A82-CC04D368AC39}.Release|Any CPU.Build.0 = Release|Any CPU
		{3539CE47-C2B8-493D-9B9B-11FA0A136A5D}.Debug|Any CPU.ActiveCfg = Debug|Any CPU
		{3539CE47-C2B8-493D-9B9B-11FA0A136A5D}.Debug|Any CPU.Build.0 = Debug|Any CPU
		{3539CE47-C2B8-493D-9B9B-11FA0A136A5D}.Release|Any CPU.ActiveCfg = Release|Any CPU
		{3539CE47-C2B8-493D-9B9B-11FA0A136A5D}.Release|Any CPU.Build.0 = Release|Any CPU
	EndGlobalSection
	GlobalSection(SolutionProperties) = preSolution
		HideSolutionNode = FALSE
	EndGlobalSection
EndGlobal
